// !$*UTF8*$!
{
	archiveVersion = 1;
	classes = {
	};
	objectVersion = 50;
	objects = {

/* Begin PBXBuildFile section */
		8D45A60C25F29C6500B15213 /* e_commerceApp.swift in Sources */ = {isa = PBXBuildFile; fileRef = 8D45A60B25F29C6500B15213 /* e_commerceApp.swift */; };
		8D45A60E25F29C6500B15213 /* ContentView.swift in Sources */ = {isa = PBXBuildFile; fileRef = 8D45A60D25F29C6500B15213 /* ContentView.swift */; };
		8D45A61025F29C6600B15213 /* Assets.xcassets in Resources */ = {isa = PBXBuildFile; fileRef = 8D45A60F25F29C6600B15213 /* Assets.xcassets */; };
		8D45A61325F29C6600B15213 /* Preview Assets.xcassets in Resources */ = {isa = PBXBuildFile; fileRef = 8D45A61225F29C6600B15213 /* Preview Assets.xcassets */; };
		8D45A61F25F29EAB00B15213 /* brand.json in Resources */ = {isa = PBXBuildFile; fileRef = 8D45A61B25F29EAB00B15213 /* brand.json */; };
		8D45A62025F29EAB00B15213 /* product.json in Resources */ = {isa = PBXBuildFile; fileRef = 8D45A61C25F29EAB00B15213 /* product.json */; };
		8D45A62125F29EAB00B15213 /* category.json in Resources */ = {isa = PBXBuildFile; fileRef = 8D45A61D25F29EAB00B15213 /* category.json */; };
		8D45A62225F29EAB00B15213 /* player.json in Resources */ = {isa = PBXBuildFile; fileRef = 8D45A61E25F29EAB00B15213 /* player.json */; };
		8D45A63125F2A43600B15213 /* Constant.swift in Sources */ = {isa = PBXBuildFile; fileRef = 8D45A63025F2A43600B15213 /* Constant.swift */; };
		8D45A63425F2A68800B15213 /* FooterView.swift in Sources */ = {isa = PBXBuildFile; fileRef = 8D45A63325F2A68800B15213 /* FooterView.swift */; };
/* End PBXBuildFile section */

/* Begin PBXFileReference section */
		8D45A60825F29C6500B15213 /* e-commerce.app */ = {isa = PBXFileReference; explicitFileType = wrapper.application; includeInIndex = 0; path = "e-commerce.app"; sourceTree = BUILT_PRODUCTS_DIR; };
		8D45A60B25F29C6500B15213 /* e_commerceApp.swift */ = {isa = PBXFileReference; lastKnownFileType = sourcecode.swift; path = e_commerceApp.swift; sourceTree = "<group>"; };
		8D45A60D25F29C6500B15213 /* ContentView.swift */ = {isa = PBXFileReference; lastKnownFileType = sourcecode.swift; path = ContentView.swift; sourceTree = "<group>"; };
		8D45A60F25F29C6600B15213 /* Assets.xcassets */ = {isa = PBXFileReference; lastKnownFileType = folder.assetcatalog; path = Assets.xcassets; sourceTree = "<group>"; };
		8D45A61225F29C6600B15213 /* Preview Assets.xcassets */ = {isa = PBXFileReference; lastKnownFileType = folder.assetcatalog; path = "Preview Assets.xcassets"; sourceTree = "<group>"; };
		8D45A61425F29C6600B15213 /* Info.plist */ = {isa = PBXFileReference; lastKnownFileType = text.plist.xml; path = Info.plist; sourceTree = "<group>"; };
		8D45A61B25F29EAB00B15213 /* brand.json */ = {isa = PBXFileReference; fileEncoding = 4; lastKnownFileType = text.json; path = brand.json; sourceTree = "<group>"; };
		8D45A61C25F29EAB00B15213 /* product.json */ = {isa = PBXFileReference; fileEncoding = 4; lastKnownFileType = text.json; path = product.json; sourceTree = "<group>"; };
		8D45A61D25F29EAB00B15213 /* category.json */ = {isa = PBXFileReference; fileEncoding = 4; lastKnownFileType = text.json; path = category.json; sourceTree = "<group>"; };
		8D45A61E25F29EAB00B15213 /* player.json */ = {isa = PBXFileReference; fileEncoding = 4; lastKnownFileType = text.json; path = player.json; sourceTree = "<group>"; };
		8D45A63025F2A43600B15213 /* Constant.swift */ = {isa = PBXFileReference; lastKnownFileType = sourcecode.swift; path = Constant.swift; sourceTree = "<group>"; };
		8D45A63325F2A68800B15213 /* FooterView.swift */ = {isa = PBXFileReference; lastKnownFileType = sourcecode.swift; path = FooterView.swift; sourceTree = "<group>"; };
/* End PBXFileReference section */

/* Begin PBXFrameworksBuildPhase section */
		8D45A60525F29C6500B15213 /* Frameworks */ = {
			isa = PBXFrameworksBuildPhase;
			buildActionMask = 2147483647;
			files = (
			);
			runOnlyForDeploymentPostprocessing = 0;
		};
/* End PBXFrameworksBuildPhase section */

/* Begin PBXGroup section */
		8D45A5FF25F29C6500B15213 = {
			isa = PBXGroup;
			children = (
				8D45A60A25F29C6500B15213 /* e-commerce */,
				8D45A60925F29C6500B15213 /* Products */,
			);
			sourceTree = "<group>";
		};
		8D45A60925F29C6500B15213 /* Products */ = {
			isa = PBXGroup;
			children = (
				8D45A60825F29C6500B15213 /* e-commerce.app */,
			);
			name = Products;
			sourceTree = "<group>";
		};
		8D45A60A25F29C6500B15213 /* e-commerce */ = {
			isa = PBXGroup;
			children = (
				8D45A62825F2A3BD00B15213 /* App */,
				8D45A62A25F2A3C900B15213 /* View */,
				8D45A62425F29EBF00B15213 /* Data */,
				8D45A62D25F2A3EC00B15213 /* Model */,
				8D45A62E25F2A3F100B15213 /* Extension */,
				8D45A62F25F2A3F800B15213 /* Utility */,
				8D45A60F25F29C6600B15213 /* Assets.xcassets */,
				8D45A61425F29C6600B15213 /* Info.plist */,
				8D45A61B25F29EAB00B15213 /* brand.json */,
				8D45A61D25F29EAB00B15213 /* category.json */,
				8D45A61E25F29EAB00B15213 /* player.json */,
				8D45A61C25F29EAB00B15213 /* product.json */,
				8D45A61125F29C6600B15213 /* Preview Content */,
			);
			path = "e-commerce";
			sourceTree = "<group>";
		};
		8D45A61125F29C6600B15213 /* Preview Content */ = {
			isa = PBXGroup;
			children = (
				8D45A61225F29C6600B15213 /* Preview Assets.xcassets */,
			);
			path = "Preview Content";
			sourceTree = "<group>";
		};
		8D45A62425F29EBF00B15213 /* Data */ = {
			isa = PBXGroup;
			children = (
			);
			path = Data;
			sourceTree = "<group>";
		};
		8D45A62825F2A3BD00B15213 /* App */ = {
			isa = PBXGroup;
			children = (
				8D45A60B25F29C6500B15213 /* e_commerceApp.swift */,
				8D45A60D25F29C6500B15213 /* ContentView.swift */,
			);
			path = App;
			sourceTree = "<group>";
		};
		8D45A62A25F2A3C900B15213 /* View */ = {
			isa = PBXGroup;
			children = (
				8D45A62C25F2A3DC00B15213 /* Detail */,
				8D45A62B25F2A3D400B15213 /* Home */,
			);
			path = View;
			sourceTree = "<group>";
		};
		8D45A62B25F2A3D400B15213 /* Home */ = {
			isa = PBXGroup;
			children = (
				8D45A63325F2A68800B15213 /* FooterView.swift */,
			);
			path = Home;
			sourceTree = "<group>";
		};
		8D45A62C25F2A3DC00B15213 /* Detail */ = {
			isa = PBXGroup;
			children = (
			);
			path = Detail;
			sourceTree = "<group>";
		};
		8D45A62D25F2A3EC00B15213 /* Model */ = {
			isa = PBXGroup;
			children = (
			);
			path = Model;
			sourceTree = "<group>";
		};
		8D45A62E25F2A3F100B15213 /* Extension */ = {
			isa = PBXGroup;
			children = (
			);
			path = Extension;
			sourceTree = "<group>";
		};
		8D45A62F25F2A3F800B15213 /* Utility */ = {
			isa = PBXGroup;
			children = (
				8D45A63025F2A43600B15213 /* Constant.swift */,
			);
			path = Utility;
			sourceTree = "<group>";
		};
/* End PBXGroup section */

/* Begin PBXNativeTarget section */
		8D45A60725F29C6500B15213 /* e-commerce */ = {
			isa = PBXNativeTarget;
			buildConfigurationList = 8D45A61725F29C6600B15213 /* Build configuration list for PBXNativeTarget "e-commerce" */;
			buildPhases = (
				8D45A60425F29C6500B15213 /* Sources */,
				8D45A60525F29C6500B15213 /* Frameworks */,
				8D45A60625F29C6500B15213 /* Resources */,
			);
			buildRules = (
			);
			dependencies = (
			);
			name = "e-commerce";
			productName = "e-commerce";
			productReference = 8D45A60825F29C6500B15213 /* e-commerce.app */;
			productType = "com.apple.product-type.application";
		};
/* End PBXNativeTarget section */

/* Begin PBXProject section */
		8D45A60025F29C6500B15213 /* Project object */ = {
			isa = PBXProject;
			attributes = {
				LastSwiftUpdateCheck = 1240;
				LastUpgradeCheck = 1240;
				TargetAttributes = {
					8D45A60725F29C6500B15213 = {
						CreatedOnToolsVersion = 12.4;
					};
				};
			};
			buildConfigurationList = 8D45A60325F29C6500B15213 /* Build configuration list for PBXProject "e-commerce" */;
			compatibilityVersion = "Xcode 9.3";
			developmentRegion = en;
			hasScannedForEncodings = 0;
			knownRegions = (
				en,
				Base,
			);
			mainGroup = 8D45A5FF25F29C6500B15213;
			productRefGroup = 8D45A60925F29C6500B15213 /* Products */;
			projectDirPath = "";
			projectRoot = "";
			targets = (
				8D45A60725F29C6500B15213 /* e-commerce */,
			);
		};
/* End PBXProject section */

/* Begin PBXResourcesBuildPhase section */
		8D45A60625F29C6500B15213 /* Resources */ = {
			isa = PBXResourcesBuildPhase;
			buildActionMask = 2147483647;
			files = (
				8D45A62225F29EAB00B15213 /* player.json in Resources */,
				8D45A61325F29C6600B15213 /* Preview Assets.xcassets in Resources */,
				8D45A62025F29EAB00B15213 /* product.json in Resources */,
				8D45A62125F29EAB00B15213 /* category.json in Resources */,
				8D45A61025F29C6600B15213 /* Assets.xcassets in Resources */,
				8D45A61F25F29EAB00B15213 /* brand.json in Resources */,
			);
			runOnlyForDeploymentPostprocessing = 0;
		};
/* End PBXResourcesBuildPhase section */

/* Begin PBXSourcesBuildPhase section */
		8D45A60425F29C6500B15213 /* Sources */ = {
			isa = PBXSourcesBuildPhase;
			buildActionMask = 2147483647;
			files = (
				8D45A60E25F29C6500B15213 /* ContentView.swift in Sources */,
				8D45A63425F2A68800B15213 /* FooterView.swift in Sources */,
				8D45A60C25F29C6500B15213 /* e_commerceApp.swift in Sources */,
				8D45A63125F2A43600B15213 /* Constant.swift in Sources */,
			);
			runOnlyForDeploymentPostprocessing = 0;
		};
/* End PBXSourcesBuildPhase section */

/* Begin XCBuildConfiguration section */
		8D45A61525F29C6600B15213 /* Debug */ = {
			isa = XCBuildConfiguration;
			buildSettings = {
				ALWAYS_SEARCH_USER_PATHS = NO;
				CLANG_ANALYZER_NONNULL = YES;
				CLANG_ANALYZER_NUMBER_OBJECT_CONVERSION = YES_AGGRESSIVE;
				CLANG_CXX_LANGUAGE_STANDARD = "gnu++14";
				CLANG_CXX_LIBRARY = "libc++";
				CLANG_ENABLE_MODULES = YES;
				CLANG_ENABLE_OBJC_ARC = YES;
				CLANG_ENABLE_OBJC_WEAK = YES;
				CLANG_WARN_BLOCK_CAPTURE_AUTORELEASING = YES;
				CLANG_WARN_BOOL_CONVERSION = YES;
				CLANG_WARN_COMMA = YES;
				CLANG_WARN_CONSTANT_CONVERSION = YES;
				CLANG_WARN_DEPRECATED_OBJC_IMPLEMENTATIONS = YES;
				CLANG_WARN_DIRECT_OBJC_ISA_USAGE = YES_ERROR;
				CLANG_WARN_DOCUMENTATION_COMMENTS = YES;
				CLANG_WARN_EMPTY_BODY = YES;
				CLANG_WARN_ENUM_CONVERSION = YES;
				CLANG_WARN_INFINITE_RECURSION = YES;
				CLANG_WARN_INT_CONVERSION = YES;
				CLANG_WARN_NON_LITERAL_NULL_CONVERSION = YES;
				CLANG_WARN_OBJC_IMPLICIT_RETAIN_SELF = YES;
				CLANG_WARN_OBJC_LITERAL_CONVERSION = YES;
				CLANG_WARN_OBJC_ROOT_CLASS = YES_ERROR;
				CLANG_WARN_QUOTED_INCLUDE_IN_FRAMEWORK_HEADER = YES;
				CLANG_WARN_RANGE_LOOP_ANALYSIS = YES;
				CLANG_WARN_STRICT_PROTOTYPES = YES;
				CLANG_WARN_SUSPICIOUS_MOVE = YES;
				CLANG_WARN_UNGUARDED_AVAILABILITY = YES_AGGRESSIVE;
				CLANG_WARN_UNREACHABLE_CODE = YES;
				CLANG_WARN__DUPLICATE_METHOD_MATCH = YES;
				COPY_PHASE_STRIP = NO;
				DEBUG_INFORMATION_FORMAT = dwarf;
				ENABLE_STRICT_OBJC_MSGSEND = YES;
				ENABLE_TESTABILITY = YES;
				GCC_C_LANGUAGE_STANDARD = gnu11;
				GCC_DYNAMIC_NO_PIC = NO;
				GCC_NO_COMMON_BLOCKS = YES;
				GCC_OPTIMIZATION_LEVEL = 0;
				GCC_PREPROCESSOR_DEFINITIONS = (
					"DEBUG=1",
					"$(inherited)",
				);
				GCC_WARN_64_TO_32_BIT_CONVERSION = YES;
				GCC_WARN_ABOUT_RETURN_TYPE = YES_ERROR;
				GCC_WARN_UNDECLARED_SELECTOR = YES;
				GCC_WARN_UNINITIALIZED_AUTOS = YES_AGGRESSIVE;
				GCC_WARN_UNUSED_FUNCTION = YES;
				GCC_WARN_UNUSED_VARIABLE = YES;
				IPHONEOS_DEPLOYMENT_TARGET = 14.4;
				MTL_ENABLE_DEBUG_INFO = INCLUDE_SOURCE;
				MTL_FAST_MATH = YES;
				ONLY_ACTIVE_ARCH = YES;
				SDKROOT = iphoneos;
				SWIFT_ACTIVE_COMPILATION_CONDITIONS = DEBUG;
				SWIFT_OPTIMIZATION_LEVEL = "-Onone";
			};
			name = Debug;
		};
		8D45A61625F29C6600B15213 /* Release */ = {
			isa = XCBuildConfiguration;
			buildSettings = {
				ALWAYS_SEARCH_USER_PATHS = NO;
				CLANG_ANALYZER_NONNULL = YES;
				CLANG_ANALYZER_NUMBER_OBJECT_CONVERSION = YES_AGGRESSIVE;
				CLANG_CXX_LANGUAGE_STANDARD = "gnu++14";
				CLANG_CXX_LIBRARY = "libc++";
				CLANG_ENABLE_MODULES = YES;
				CLANG_ENABLE_OBJC_ARC = YES;
				CLANG_ENABLE_OBJC_WEAK = YES;
				CLANG_WARN_BLOCK_CAPTURE_AUTORELEASING = YES;
				CLANG_WARN_BOOL_CONVERSION = YES;
				CLANG_WARN_COMMA = YES;
				CLANG_WARN_CONSTANT_CONVERSION = YES;
				CLANG_WARN_DEPRECATED_OBJC_IMPLEMENTATIONS = YES;
				CLANG_WARN_DIRECT_OBJC_ISA_USAGE = YES_ERROR;
				CLANG_WARN_DOCUMENTATION_COMMENTS = YES;
				CLANG_WARN_EMPTY_BODY = YES;
				CLANG_WARN_ENUM_CONVERSION = YES;
				CLANG_WARN_INFINITE_RECURSION = YES;
				CLANG_WARN_INT_CONVERSION = YES;
				CLANG_WARN_NON_LITERAL_NULL_CONVERSION = YES;
				CLANG_WARN_OBJC_IMPLICIT_RETAIN_SELF = YES;
				CLANG_WARN_OBJC_LITERAL_CONVERSION = YES;
				CLANG_WARN_OBJC_ROOT_CLASS = YES_ERROR;
				CLANG_WARN_QUOTED_INCLUDE_IN_FRAMEWORK_HEADER = YES;
				CLANG_WARN_RANGE_LOOP_ANALYSIS = YES;
				CLANG_WARN_STRICT_PROTOTYPES = YES;
				CLANG_WARN_SUSPICIOUS_MOVE = YES;
				CLANG_WARN_UNGUARDED_AVAILABILITY = YES_AGGRESSIVE;
				CLANG_WARN_UNREACHABLE_CODE = YES;
				CLANG_WARN__DUPLICATE_METHOD_MATCH = YES;
				COPY_PHASE_STRIP = NO;
				DEBUG_INFORMATION_FORMAT = "dwarf-with-dsym";
				ENABLE_NS_ASSERTIONS = NO;
				ENABLE_STRICT_OBJC_MSGSEND = YES;
				GCC_C_LANGUAGE_STANDARD = gnu11;
				GCC_NO_COMMON_BLOCKS = YES;
				GCC_WARN_64_TO_32_BIT_CONVERSION = YES;
				GCC_WARN_ABOUT_RETURN_TYPE = YES_ERROR;
				GCC_WARN_UNDECLARED_SELECTOR = YES;
				GCC_WARN_UNINITIALIZED_AUTOS = YES_AGGRESSIVE;
				GCC_WARN_UNUSED_FUNCTION = YES;
				GCC_WARN_UNUSED_VARIABLE = YES;
				IPHONEOS_DEPLOYMENT_TARGET = 14.4;
				MTL_ENABLE_DEBUG_INFO = NO;
				MTL_FAST_MATH = YES;
				SDKROOT = iphoneos;
				SWIFT_COMPILATION_MODE = wholemodule;
				SWIFT_OPTIMIZATION_LEVEL = "-O";
				VALIDATE_PRODUCT = YES;
			};
			name = Release;
		};
		8D45A61825F29C6600B15213 /* Debug */ = {
			isa = XCBuildConfiguration;
			buildSettings = {
				ASSETCATALOG_COMPILER_APPICON_NAME = AppIcon;
				ASSETCATALOG_COMPILER_GLOBAL_ACCENT_COLOR_NAME = AccentColor;
				CODE_SIGN_STYLE = Automatic;
				DEVELOPMENT_ASSET_PATHS = "\"e-commerce/Preview Content\"";
				DEVELOPMENT_TEAM = KV5A596S79;
				ENABLE_PREVIEWS = YES;
				INFOPLIST_FILE = "e-commerce/Info.plist";
				IPHONEOS_DEPLOYMENT_TARGET = 14.0;
				LD_RUNPATH_SEARCH_PATHS = (
					"$(inherited)",
					"@executable_path/Frameworks",
				);
				PRODUCT_BUNDLE_IDENTIFIER = "com.phonthepaungkanukulwit.e-commerce";
				PRODUCT_NAME = "$(TARGET_NAME)";
				SWIFT_VERSION = 5.0;
				TARGETED_DEVICE_FAMILY = "1,2";
			};
			name = Debug;
		};
		8D45A61925F29C6600B15213 /* Release */ = {
			isa = XCBuildConfiguration;
			buildSettings = {
				ASSETCATALOG_COMPILER_APPICON_NAME = AppIcon;
				ASSETCATALOG_COMPILER_GLOBAL_ACCENT_COLOR_NAME = AccentColor;
				CODE_SIGN_STYLE = Automatic;
				DEVELOPMENT_ASSET_PATHS = "\"e-commerce/Preview Content\"";
				DEVELOPMENT_TEAM = KV5A596S79;
				ENABLE_PREVIEWS = YES;
				INFOPLIST_FILE = "e-commerce/Info.plist";
				IPHONEOS_DEPLOYMENT_TARGET = 14.0;
				LD_RUNPATH_SEARCH_PATHS = (
					"$(inherited)",
					"@executable_path/Frameworks",
				);
				PRODUCT_BUNDLE_IDENTIFIER = "com.phonthepaungkanukulwit.e-commerce";
				PRODUCT_NAME = "$(TARGET_NAME)";
				SWIFT_VERSION = 5.0;
				TARGETED_DEVICE_FAMILY = "1,2";
			};
			name = Release;
		};
/* End XCBuildConfiguration section */

/* Begin XCConfigurationList section */
		8D45A60325F29C6500B15213 /* Build configuration list for PBXProject "e-commerce" */ = {
			isa = XCConfigurationList;
			buildConfigurations = (
				8D45A61525F29C6600B15213 /* Debug */,
				8D45A61625F29C6600B15213 /* Release */,
			);
			defaultConfigurationIsVisible = 0;
			defaultConfigurationName = Release;
		};
		8D45A61725F29C6600B15213 /* Build configuration list for PBXNativeTarget "e-commerce" */ = {
			isa = XCConfigurationList;
			buildConfigurations = (
				8D45A61825F29C6600B15213 /* Debug */,
				8D45A61925F29C6600B15213 /* Release */,
			);
			defaultConfigurationIsVisible = 0;
			defaultConfigurationName = Release;
		};
/* End XCConfigurationList section */
	};
	rootObject = 8D45A60025F29C6500B15213 /* Project object */;
}
